<?xml version="1.0" encoding="utf-8"?>
<Project ToolsVersion="4.0" xmlns="http://schemas.microsoft.com/developer/msbuild/2003">
  <ItemGroup>
    <Filter Include="Source Files">
      <UniqueIdentifier>{4FC737F1-C7A5-4376-A066-2A32D752A2FF}</UniqueIdentifier>
      <Extensions>cpp;cxx;c;def</Extensions>
    </Filter>
    <Filter Include="Header Files">
      <UniqueIdentifier>{93995380-89BD-4b04-88EB-625FBE52EBFB}</UniqueIdentifier>
      <Extensions>h</Extensions>
    </Filter>
    <Filter Include="Form Files">
      <UniqueIdentifier>{99349809-55BA-4b9d-BF79-8FDBB0286EB3}</UniqueIdentifier>
      <Extensions>ui</Extensions>
    </Filter>
    <Filter Include="Resource Files">
      <UniqueIdentifier>{D9D6E242-F8AF-46E4-B9FD-80ECBC20BA3E}</UniqueIdentifier>
      <Extensions>qrc;*</Extensions>
      <ParseFiles>false</ParseFiles>
    </Filter>
    <Filter Include="Generated Files">
      <UniqueIdentifier>{71ED8ED8-ACB9-4CE9-BBE1-E00B30144E11}</UniqueIdentifier>
      <Extensions>moc;h;cpp</Extensions>
      <SourceControlFiles>False</SourceControlFiles>
    </Filter>
    <Filter Include="Generated Files\Debug">
      <UniqueIdentifier>{65d3a23d-fb0e-4a72-86ea-9cfc4b4caadc}</UniqueIdentifier>
      <Extensions>cpp;moc</Extensions>
      <SourceControlFiles>False</SourceControlFiles>
    </Filter>
    <Filter Include="Generated Files\Release">
      <UniqueIdentifier>{9ffe5e59-df14-4e06-8b84-5d3400b35ac8}</UniqueIdentifier>
      <Extensions>cpp;moc</Extensions>
      <SourceControlFiles>False</SourceControlFiles>
    </Filter>
    <Filter Include="Entity">
      <UniqueIdentifier>{4653cb99-9757-4a6a-9fcc-6845f8710171}</UniqueIdentifier>
    </Filter>
    <Filter Include="GUI">
      <UniqueIdentifier>{d0c72ca9-1bb6-4658-a2f8-38371948d5c2}</UniqueIdentifier>
    </Filter>
    <Filter Include="Geometry">
      <UniqueIdentifier>{270fcad0-7bed-49b8-83ce-83d277ab7775}</UniqueIdentifier>
    </Filter>
    <Filter Include="ActionAdapter">
      <UniqueIdentifier>{335f8e38-76f6-4eda-83f0-79cc160c658c}</UniqueIdentifier>
    </Filter>
    <Filter Include="Util">
      <UniqueIdentifier>{17eb3dae-3161-4d12-9210-a1490db36715}</UniqueIdentifier>
    </Filter>
  </ItemGroup>
  <ItemGroup>
    <ClCompile Include="main.cpp">
      <Filter>Source Files</Filter>
    </ClCompile>
    <ClCompile Include="mango2d.cpp">
      <Filter>Source Files</Filter>
    </ClCompile>
    <ClCompile Include="GeneratedFiles\Debug\moc_mango2d.cpp">
      <Filter>Generated Files\Debug</Filter>
    </ClCompile>
    <ClCompile Include="GeneratedFiles\Release\moc_mango2d.cpp">
      <Filter>Generated Files\Release</Filter>
    </ClCompile>
    <ClCompile Include="GeneratedFiles\qrc_mango2d.cpp">
      <Filter>Generated Files</Filter>
    </ClCompile>
    <ClCompile Include="Entity\WallData.cpp">
      <Filter>Entity</Filter>
    </ClCompile>
    <ClCompile Include="Entity\CornerData.cpp">
      <Filter>Entity</Filter>
    </ClCompile>
    <ClCompile Include="Entity\DesignData.cpp">
      <Filter>Entity</Filter>
    </ClCompile>
    <ClCompile Include="Entity\RoomData.cpp">
      <Filter>Entity</Filter>
    </ClCompile>
    <ClCompile Include="GUI\actionnavgationwidget.cpp">
      <Filter>GUI</Filter>
    </ClCompile>
    <ClCompile Include="GeneratedFiles\Debug\moc_actionnavgationwidget.cpp">
      <Filter>Generated Files\Debug</Filter>
    </ClCompile>
    <ClCompile Include="GeneratedFiles\Release\moc_actionnavgationwidget.cpp">
      <Filter>Generated Files\Release</Filter>
    </ClCompile>
    <ClCompile Include="GUI\BaseDetailActionWidget.cpp">
      <Filter>GUI</Filter>
    </ClCompile>
    <ClCompile Include="GeneratedFiles\Debug\moc_BaseDetailActionWidget.cpp">
      <Filter>Generated Files\Debug</Filter>
    </ClCompile>
    <ClCompile Include="GeneratedFiles\Release\moc_BaseDetailActionWidget.cpp">
      <Filter>Generated Files\Release</Filter>
    </ClCompile>
    <ClCompile Include="GUI\DrawHouseDetailActionWidget.cpp">
      <Filter>GUI</Filter>
    </ClCompile>
    <ClCompile Include="GeneratedFiles\Debug\moc_DrawHouseDetailActionWidget.cpp">
      <Filter>Generated Files\Debug</Filter>
    </ClCompile>
    <ClCompile Include="GeneratedFiles\Release\moc_DrawHouseDetailActionWidget.cpp">
      <Filter>Generated Files\Release</Filter>
    </ClCompile>
    <ClCompile Include="GUI\WorkSpaceWidget.cpp">
      <Filter>GUI</Filter>
    </ClCompile>
    <ClCompile Include="GeneratedFiles\Debug\moc_WorkSpaceWidget.cpp">
      <Filter>Generated Files\Debug</Filter>
    </ClCompile>
    <ClCompile Include="GeneratedFiles\Release\moc_WorkSpaceWidget.cpp">
      <Filter>Generated Files\Release</Filter>
    </ClCompile>
    <ClCompile Include="Entity\DesignDataWrapper.cpp">
      <Filter>Entity</Filter>
    </ClCompile>
    <ClCompile Include="Geometry\BaseGeometry.cpp">
      <Filter>Geometry</Filter>
    </ClCompile>
    <ClCompile Include="Geometry\WallGeometry.cpp">
      <Filter>Geometry</Filter>
    </ClCompile>
    <ClCompile Include="Entity\ComputeWallGeometry.cpp">
      <Filter>Entity</Filter>
    </ClCompile>
    <ClCompile Include="Geometry\HotRegionGeometry.cpp">
      <Filter>Geometry</Filter>
    </ClCompile>
    <ClCompile Include="Geometry\BasePath.cpp">
      <Filter>Geometry</Filter>
    </ClCompile>
    <ClCompile Include="Entity\HotRegionImpl.cpp">
      <Filter>Entity</Filter>
    </ClCompile>
    <ClCompile Include="ActionAdpater\BaseActionAdapter.cpp">
      <Filter>ActionAdapter</Filter>
    </ClCompile>
    <ClCompile Include="ActionAdpater\DrawWallActionAdapter.cpp">
      <Filter>ActionAdapter</Filter>
    </ClCompile>
    <ClCompile Include="Geometry\AuxiliaryLineGeometry.cpp">
      <Filter>Geometry</Filter>
    </ClCompile>
    <ClCompile Include="Entity\LineData.cpp">
      <Filter>Entity</Filter>
    </ClCompile>
    <ClCompile Include="Entity\PointData.cpp">
      <Filter>Entity</Filter>
    </ClCompile>
    <ClCompile Include="Util\PolygonUtil.cpp">
      <Filter>Util</Filter>
    </ClCompile>
  </ItemGroup>
  <ItemGroup>
    <CustomBuild Include="mango2d.h">
      <Filter>Header Files</Filter>
    </CustomBuild>
    <CustomBuild Include="mango2d.ui">
      <Filter>Form Files</Filter>
    </CustomBuild>
    <CustomBuild Include="mango2d.qrc">
      <Filter>Resource Files</Filter>
    </CustomBuild>
    <CustomBuild Include="GUI\actionnavgationwidget.h">
      <Filter>GUI</Filter>
    </CustomBuild>
    <CustomBuild Include="GUI\BaseDetailActionWidget.hpp">
      <Filter>GUI</Filter>
    </CustomBuild>
    <CustomBuild Include="GUI\DrawHouseDetailActionWidget.hpp">
      <Filter>GUI</Filter>
    </CustomBuild>
    <CustomBuild Include="GUI\WorkSpaceWidget.hpp">
      <Filter>GUI</Filter>
    </CustomBuild>
  </ItemGroup>
  <ItemGroup>
    <ClInclude Include="GeneratedFiles\ui_mango2d.h">
      <Filter>Generated Files</Filter>
    </ClInclude>
    <ClInclude Include="Entity\WallData.h">
      <Filter>Entity</Filter>
    </ClInclude>
    <ClInclude Include="Entity\CornerData.h">
      <Filter>Entity</Filter>
    </ClInclude>
    <ClInclude Include="Entity\BaseData.h">
      <Filter>Entity</Filter>
    </ClInclude>
    <ClInclude Include="Entity\RoomData.h">
      <Filter>Entity</Filter>
    </ClInclude>
    <ClInclude Include="Entity\DesignData.h">
      <Filter>Entity</Filter>
    </ClInclude>
    <ClInclude Include="Entity\DesignDataWrapper.h">
      <Filter>Entity</Filter>
    </ClInclude>
    <ClInclude Include="Geometry\BaseGeometry.h">
      <Filter>Geometry</Filter>
    </ClInclude>
    <ClInclude Include="Geometry\WallGeometry.h">
      <Filter>Geometry</Filter>
    </ClInclude>
    <ClInclude Include="Geometry\HotRegionGeometry.h">
      <Filter>Geometry</Filter>
    </ClInclude>
    <ClInclude Include="Geometry\BasePath.h">
      <Filter>Geometry</Filter>
    </ClInclude>
    <ClInclude Include="ActionAdpater\BaseActionAdapter.h">
      <Filter>ActionAdapter</Filter>
    </ClInclude>
    <ClInclude Include="ActionAdpater\DrawWallActionAdapter.h">
      <Filter>ActionAdapter</Filter>
    </ClInclude>
    <ClInclude Include="Geometry\AuxiliaryLineGeometry.h">
      <Filter>Geometry</Filter>
    </ClInclude>
    <ClInclude Include="Entity\LineData.h">
      <Filter>Entity</Filter>
    </ClInclude>
    <ClInclude Include="Entity\PointData.h">
      <Filter>Entity</Filter>
    </ClInclude>
    <ClInclude Include="Util\PolygonUtil.h">
      <Filter>Util</Filter>
    </ClInclude>
  </ItemGroup>
</Project>